
Microsoft Visual Studio Solution File, Format Version 12.00
# Visual Studio Version 16
VisualStudioVersion = 16.0.31727.386
MinimumVisualStudioVersion = 10.0.40219.1
Project("{9A19103F-16F7-4668-BE54-9A1E7A4F7556}") = "CQRS-MediatoR.API", "CQRS-MediatoR.API\CQRS-MediatoR.API.csproj", "{753D3350-A3DF-4946-95BF-6747F6EBBD1D}"
EndProject
Project("{9A19103F-16F7-4668-BE54-9A1E7A4F7556}") = "CQRS-MediatoR.BL", "CQRS-MediatoR.BLL\CQRS-MediatoR.BL.csproj", "{DD74FD39-5051-45DE-8140-018ED0BB92B1}"
EndProject
Project("{9A19103F-16F7-4668-BE54-9A1E7A4F7556}") = "CQRS-MediatoR.DAL", "CQRS-MediatoR.DAL\CQRS-MediatoR.DAL.csproj", "{A1EA8E3C-F487-496C-A9A7-5897BEDB05B7}"
EndProject
Project("{9A19103F-16F7-4668-BE54-9A1E7A4F7556}") = "CQRS-MediatoR.Common", "CQRS-MediatoR.Common\CQRS-MediatoR.Common.csproj", "{A605AAF9-8E62-4F31-ADE4-C72F6CBFC54A}"
EndProject
Global
	GlobalSection(SolutionConfigurationPlatforms) = preSolution
		Debug|Any CPU = Debug|Any CPU
		Release|Any CPU = Release|Any CPU
	EndGlobalSection
	GlobalSection(ProjectConfigurationPlatforms) = postSolution
		{753D3350-A3DF-4946-95BF-6747F6EBBD1D}.Debug|Any CPU.ActiveCfg = Debug|Any CPU
		{753D3350-A3DF-4946-95BF-6747F6EBBD1D}.Debug|Any CPU.Build.0 = Debug|Any CPU
		{753D3350-A3DF-4946-95BF-6747F6EBBD1D}.Release|Any CPU.ActiveCfg = Release|Any CPU
		{753D3350-A3DF-4946-95BF-6747F6EBBD1D}.Release|Any CPU.Build.0 = Release|Any CPU
		{DD74FD39-5051-45DE-8140-018ED0BB92B1}.Debug|Any CPU.ActiveCfg = Debug|Any CPU
		{DD74FD39-5051-45DE-8140-018ED0BB92B1}.Debug|Any CPU.Build.0 = Debug|Any CPU
		{DD74FD39-5051-45DE-8140-018ED0BB92B1}.Release|Any CPU.ActiveCfg = Release|Any CPU
		{DD74FD39-5051-45DE-8140-018ED0BB92B1}.Release|Any CPU.Build.0 = Release|Any CPU
		{A1EA8E3C-F487-496C-A9A7-5897BEDB05B7}.Debug|Any CPU.ActiveCfg = Debug|Any CPU
		{A1EA8E3C-F487-496C-A9A7-5897BEDB05B7}.Debug|Any CPU.Build.0 = Debug|Any CPU
		{A1EA8E3C-F487-496C-A9A7-5897BEDB05B7}.Release|Any CPU.ActiveCfg = Release|Any CPU
		{A1EA8E3C-F487-496C-A9A7-5897BEDB05B7}.Release|Any CPU.Build.0 = Release|Any CPU
		{A605AAF9-8E62-4F31-ADE4-C72F6CBFC54A}.Debug|Any CPU.ActiveCfg = Debug|Any CPU
		{A605AAF9-8E62-4F31-ADE4-C72F6CBFC54A}.Debug|Any CPU.Build.0 = Debug|Any CPU
		{A605AAF9-8E62-4F31-ADE4-C72F6CBFC54A}.Release|Any CPU.ActiveCfg = Release|Any CPU
		{A605AAF9-8E62-4F31-ADE4-C72F6CBFC54A}.Release|Any CPU.Build.0 = Release|Any CPU
	EndGlobalSection
	GlobalSection(SolutionProperties) = preSolution
		HideSolutionNode = FALSE
	EndGlobalSection
	GlobalSection(ExtensibilityGlobals) = postSolution
		SolutionGuid = {2EC1BDF5-B620-48A6-BDB2-D7F68111BB79}
	EndGlobalSection
EndGlobal
